
Microsoft Visual Studio Solution File, Format Version 12.00
# Visual Studio Version 16
VisualStudioVersion = 16.0.31624.102
MinimumVisualStudioVersion = 10.0.40219.1
Project("{FAE04EC0-301F-11D3-BF4B-00C04F79EFBC}") = "GameSonic", "GameSonic\GameSonic.csproj", "{28769F5D-EB2C-4E74-B73F-E4D4D60290A4}"
EndProject
Global
	GlobalSection(SolutionConfigurationPlatforms) = preSolution
		Debug|Any CPU = Debug|Any CPU
		Release|Any CPU = Release|Any CPU
	EndGlobalSection
	GlobalSection(ProjectConfigurationPlatforms) = postSolution
		{28769F5D-EB2C-4E74-B73F-E4D4D60290A4}.Debug|Any CPU.ActiveCfg = Debug|Any CPU
		{28769F5D-EB2C-4E74-B73F-E4D4D60290A4}.Debug|Any CPU.Build.0 = Debug|Any CPU
		{28769F5D-EB2C-4E74-B73F-E4D4D60290A4}.Release|Any CPU.ActiveCfg = Release|Any CPU
		{28769F5D-EB2C-4E74-B73F-E4D4D60290A4}.Release|Any CPU.Build.0 = Release|Any CPU
	EndGlobalSection
	GlobalSection(SolutionProperties) = preSolution
		HideSolutionNode = FALSE
	EndGlobalSection
	GlobalSection(ExtensibilityGlobals) = postSolution
		SolutionGuid = {17E66551-A058-41FC-8CB6-EF2F466DC99E}
	EndGlobalSection
EndGlobal
